bitwormhole.com/starter/afs v0.0.6 h1:G35dMHoRNDqkDBnv48k6ceDB0EoSTtsq86VzUXwIXRE=
bitwormhole.com/starter/afs v0.0.6/go.mod h1:ZhznfGjTwltwXxm8Rpx7fTAWJzWvtT7YqKdS9P8tYTU=
bitwormhole.com/starter/afs v0.0.7 h1:tR5BItT2f+L5LG6Xz1QM0/g9qxQZMSCLjuuhL484Kzg=
bitwormhole.com/starter/afs v0.0.7/go.mod h1:ZhznfGjTwltwXxm8Rpx7fTAWJzWvtT7YqKdS9P8tYTU=
bitwormhole.com/starter/afs v0.0.9 h1:rjE41cNOa0vOmi6MJQS8BcRKIQXiob4a44MfN9Ft0sI=
bitwormhole.com/starter/afs v0.0.9/go.mod h1:ZhznfGjTwltwXxm8Rpx7fTAWJzWvtT7YqKdS9P8tYTU=
bitwormhole.com/starter/base v0.0.1 h1:/dXgICIoYcMATbA2N+DD1tMYEsyimwQKal2xPaR8cfA=
bitwormhole.com/starter/base v0.0.1/go.mod h1:a8v7ioNoU380zyISNEXTaVInVFu00FvXo3UHJAckPG0=
bitwormhole.com/starter/cli v0.0.9 h1:Ayo2VQ9cXhzKsaIxtHkLtCp0PCywuIY2K+95qOzStDo=
bitwormhole.com/starter/cli v0.0.9/go.mod h1:j6SJnrxvXaPhwZ+nu3fVBdoJaNTgeemzLLJnpn2QaNk=
bitwormhole.com/starter/vlog v0.0.1 h1:7DCV2jUD1oHEPrfci14IVBK/oXeQ/pHbfbYws1nfu3w=
bitwormhole.com/starter/vlog v0.0.1/go.mod h1:bb4xDVyOD0+tAhaiscUmuzsFJ+/EL+qE79Je8U0ZqTQ=
github.com/Azure/azure-sdk-for-go/sdk/azcore v1.0.0/go.mod h1:uGG2W01BaETf0Ozp+QxxKJdMBNRWPdstHG0Fmdwn1/U=
github.com/Azure/azure-sdk-for-go/sdk/azcore v1.1.2/go.mod h1:uGG2W01BaETf0Ozp+QxxKJdMBNRWPdstHG0Fmdwn1/U=
github.com/Azure/azure-sdk-for-go/sdk/azidentity v1.1.0/go.mod h1:bhXu1AjYL+wutSL/kpSq6s7733q2Rb0yuot9Zgfqa/0=
github.com/Azure/azure-sdk-for-go/sdk/internal v1.0.0/go.mod h1:eWRD7oawr1Mu1sLCawqVc0CUiF43ia3qQMxLscsKQ9w=
github.com/AzureAD/microsoft-authentication-library-for-go v0.5.1/go.mod h1:Vt9sXTKwMyGcOxSmLDMnGPgqsUg7m8pe215qMLrDXw4=
github.com/bitwormhole/gitlib v0.0.13 h1:zI+T6Bx6q+NbyW/f0eiL+SsRHGM2knTxgz4yndNekv8=
github.com/bitwormhole/gitlib v0.0.13/go.mod h1:rHAjxI4mrs5D6ckaU6T1G2oEogA/2d5VR1z/rJQvz4Y=
github.com/bitwormhole/gitlib v0.0.17 h1:ri5FVsWB6SUx7hZ9hG4n8EX6LU8aY5CFCk7P5yluY1Y=
github.com/bitwormhole/gitlib v0.0.17/go.mod h1:wcXeTUh6hzvusAU1y4ygBJPV+1hIA416jrr5F3vlM7E=
github.com/bitwormhole/starter v0.1.5/go.mod h1:3/UtKB8VwcmR5xf8mx4V7vgGLaej89LaoT+KuJKWL60=
github.com/bitwormhole/starter v0.1.6 h1:HxizSUnwMa72FjLB/wncEsfqDBp6WflM0c0khl6Prrc=
github.com/bitwormhole/starter v0.1.6/go.mod h1:3/UtKB8VwcmR5xf8mx4V7vgGLaej89LaoT+KuJKWL60=
github.com/bitwormhole/starter v0.1.9 h1:ukgw+Vne+gAv2Vx7R5sKd9vLETtOjW4OTdprUh9h2uc=
github.com/bitwormhole/starter v0.1.9/go.mod h1:3/UtKB8VwcmR5xf8mx4V7vgGLaej89LaoT+KuJKWL60=
github.com/bitwormhole/starter-gin v0.1.4 h1:ADHR7KLTRkIbilAxC9GXtBKDGjhirXUBsE79wgOekUs=
github.com/bitwormhole/starter-gin v0.1.4/go.mod h1:YKJCKjpLEcA2ixRwY0FitdK4lgtjJT5WqzIOF8uFZDc=
github.com/bitwormhole/starter-gin v0.1.5 h1:ZXCRWxBXUYVoR9NZBFcDyYAsgyg+dlvrKX097qfdQPU=
github.com/bitwormhole/starter-gin v0.1.5/go.mod h1:YKJCKjpLEcA2ixRwY0FitdK4lgtjJT5WqzIOF8uFZDc=
github.com/bitwormhole/starter-gorm v0.0.8 h1:VrV8Sh7nD23gwez5YwScnWBznnIZjUaVnmjO5kAQq9o=
github.com/bitwormhole/starter-gorm v0.0.8/go.mod h1:B1n9X/gdOs+l933pdVOlT3+XWZCgWrZ/DVNGT+1HW78=
github.com/bitwormhole/starter-gorm-mysql v0.0.5 h1:nz/DXgybdlZYI0Jr23FzR0G3cJsftAsdTPJDcHnZ8mA=
github.com/bitwormhole/starter-gorm-mysql v0.0.5/go.mod h1:79iPGI+n2jERNyLA+airTiSGeNAqvFZg7bIHkGF09lo=
github.com/bitwormhole/starter-gorm-sqlite v0.0.5 h1:izhhZhqAglSXXHcbM+TEmm4aMK0l5WJNgx/LVxuNlxc=
github.com/bitwormhole/starter-gorm-sqlite v0.0.5/go.mod h1:H2lKUBDDQIWOLTWwoF9C5KNYmK1VhNndjaMsz9J/4qs=
github.com/bitwormhole/starter-gorm-sqlserver v0.0.5 h1:lZ9dsYGbXtU72WE98+A59pukjq1Wd9l6A29E6WosOng=
github.com/bitwormhole/starter-gorm-sqlserver v0.0.5/go.mod h1:1DX8/lazC2ybQNGoObar0HeHDprReF4o7oX+zPxiev8=
github.com/bitwormhole/starter-restful v0.1.2 h1:L5A4e+ABe2XXYX+ghNq7IJ+QI3WyVkNtgg1hMYTkwt0=
github.com/bitwormhole/starter-restful v0.1.2/go.mod h1:LYs12GhcdTvInF4kIhd73CpCN411MnjgJkyjE9Geoe0=
github.com/bitwormhole/wpm v0.0.0-20230303095510-d7dfe8dcdfd8 h1:izlfCgOIrUmg6oKPHB/bI6X9WY94Wz5k9DOAVktNTsk=
github.com/bitwormhole/wpm v0.0.0-20230303095510-d7dfe8dcdfd8/go.mod h1:+4L3nozWOCMNCubTrfRusLzQqqScIiPcNaT3eRx96bY=
github.com/bitwormhole/wpm v0.0.1 h1:LwY/nrPMA24xV3FW6gWcDGfDv7ISyXXDrQpIf1WMp20=
github.com/bitwormhole/wpm v0.0.1/go.mod h1:z4xcakNRGz7Z9m2YtHnZ3Z0O3mYvqY0kbfn2f/P2h3c=
github.com/bitwormhole/wpm v0.0.2 h1:CiaPAeM9g+Sa2KI2VyCrbjUYWGBlsGQJ9xeHx7AwfDc=
github.com/bitwormhole/wpm v0.0.2/go.mod h1:z4xcakNRGz7Z9m2YtHnZ3Z0O3mYvqY0kbfn2f/P2h3c=
github.com/bitwormhole/wpm v0.0.3 h1:HG2wuSSSy0UpMtr02W1CpMiYdtyn1foYC5IEuOnwn3Q=
github.com/bitwormhole/wpm v0.0.3/go.mod h1:z4xcakNRGz7Z9m2YtHnZ3Z0O3mYvqY0kbfn2f/P2h3c=
github.com/bitwormhole/wpm v0.0.4 h1:FVAbVeTQKV2SB9eeczZW9OtzAUBc2O79bXOXti3TTzs=
github.com/bitwormhole/wpm v0.0.4/go.mod h1:z4xcakNRGz7Z9m2YtHnZ3Z0O3mYvqY0kbfn2f/P2h3c=
github.com/bitwormhole/wpm v0.0.5 h1:n/fMw6h/bOo7p8Bh69r4O1q07N26ZSZAewC2W2paEzU=
github.com/bitwormhole/wpm v0.0.5/go.mod h1:z4xcakNRGz7Z9m2YtHnZ3Z0O3mYvqY0kbfn2f/P2h3c=
github.com/bitwormhole/wpm v0.0.6 h1:27wXCReEuppECwlODMViYO4AbFXg/ra7V1yYyKLMaKY=
github.com/bitwormhole/wpm v0.0.6/go.mod h1:z4xcakNRGz7Z9m2YtHnZ3Z0O3mYvqY0kbfn2f/P2h3c=
github.com/bitwormhole/wpm v0.0.7 h1:ahNYKuhETwRY6qA2WRlq+ANJdQQsqaY+x5KrLqxsXas=
github.com/bitwormhole/wpm v0.0.7/go.mod h1:z4xcakNRGz7Z9m2YtHnZ3Z0O3mYvqY0kbfn2f/P2h3c=
github.com/bitwormhole/wpm v0.0.8 h1:1/fN3Yxh81p2XPjiBOQOy6pcYF2mqRmKutdfim5mXAk=
github.com/bitwormhole/wpm v0.0.8/go.mod h1:z4xcakNRGz7Z9m2YtHnZ3Z0O3mYvqY0kbfn2f/P2h3c=
github.com/bitwormhole/wpm v0.0.9 h1:fWm0QjWFSFslL18gVTcVJiRuXJJXyDdt+DsfQdG6I1Q=
github.com/bitwormhole/wpm v0.0.9/go.mod h1:+4L3nozWOCMNCubTrfRusLzQqqScIiPcNaT3eRx96bY=
github.com/bitwormhole/wpm v0.0.10 h1:AT8m6KwtKgJGzamdoRKbnNG2VeS5Rdz9ZZwKwv6Rd8o=
github.com/bitwormhole/wpm v0.0.10/go.mod h1:+4L3nozWOCMNCubTrfRusLzQqqScIiPcNaT3eRx96bY=
github.com/bitwormhole/wpm v0.0.11 h1:940gdgETsbSw5S4cE6yV3AuhLmxLmPjYL6rEqt4A1Dw=
github.com/bitwormhole/wpm v0.0.11/go.mod h1:+4L3nozWOCMNCubTrfRusLzQqqScIiPcNaT3eRx96bY=
github.com/bitwormhole/wpm v0.0.12 h1:2S2T2oxGSyDfnXlsEz9YY7A28h/LPvGN140ApgMVgOc=
github.com/bitwormhole/wpm v0.0.12/go.mod h1:+4L3nozWOCMNCubTrfRusLzQqqScIiPcNaT3eRx96bY=
github.com/bitwormhole/wpm v0.0.14 h1:CRgLKvp+J/k85ErbGZHbKveZGNu0kLKtmqGsSbexNgs=
github.com/bitwormhole/wpm v0.0.14/go.mod h1:+4L3nozWOCMNCubTrfRusLzQqqScIiPcNaT3eRx96bY=
github.com/bitwormhole/wpm v0.0.15 h1:uvGTZJlYBmcu1UNGXYXEJ61r/LoibyJFer+PzFc0oik=
github.com/bitwormhole/wpm v0.0.15/go.mod h1:+4L3nozWOCMNCubTrfRusLzQqqScIiPcNaT3eRx96bY=
github.com/bitwormhole/wpm v0.1.10 h1:bGLM1LZULzGWi7LdTDOl73UAaI4hp1+J6LI5p1nxfcE=
github.com/bitwormhole/wpm v0.1.10/go.mod h1:FRsa07RMEJ+8Nez5NbihNJyUrnUNVo0Zw9FAU+59e1o=
github.com/bitwormhole/wpm-mix v0.0.0-20230303102032-2d8ecccd4dda h1:mJCWvPuWmgb/fEeM/NiEqFUeXX8zI2P7+iDNWcfA57c=
github.com/bitwormhole/wpm-mix v0.0.0-20230303102032-2d8ecccd4dda/go.mod h1:ruOHeNiX/FKs1lFOXVjNcNRD09MlIIPlFrjkiUb3es8=
github.com/bitwormhole/wpm-mix v0.0.0-20230314125409-f79b5cf278b5 h1:/f/mNWwYfQ2GHUx+/519QOMly+JWcsXgsdZslQmxfDQ=
github.com/bitwormhole/wpm-mix v0.0.0-20230314125409-f79b5cf278b5/go.mod h1:da64bkwV7a450SMhSXGTiwZLjPhWgl34XRpGJrTz48Q=
github.com/bitwormhole/wpm-mix v0.0.1 h1:HBOqya2JRce+tBPDdbSd+DF+Wdjkeq2hBCHDIB70RY0=
github.com/bitwormhole/wpm-mix v0.0.1/go.mod h1:x0DZU+TngQpARke8PRspSrC/Ln/aQxn4bLhodAowr1w=
github.com/bitwormhole/wpm-mix v0.0.2 h1:gyg+AJADw7WxVQYNTtq4FC5SSL9g8uLVZYO8gVdlqzs=
github.com/bitwormhole/wpm-mix v0.0.2/go.mod h1:XowNRrAGeDm0QqUhdslID8vJHGxdPAirAJbqULi9uQY=
github.com/bitwormhole/wpm-mix v0.0.13 h1:LIlehDSCy3YikoO//YekqEgqOYzGB8A1R0Dm8dLowwY=
github.com/bitwormhole/wpm-mix v0.0.13/go.mod h1:ruOHeNiX/FKs1lFOXVjNcNRD09MlIIPlFrjkiUb3es8=
github.com/bitwormhole/wpm-mix v0.0.14 h1:zFsbcyjeEmBYjlQrcGYHMdxaJCk3fTPFY1AXa+TnrRw=
github.com/bitwormhole/wpm-mix v0.0.14/go.mod h1:da64bkwV7a450SMhSXGTiwZLjPhWgl34XRpGJrTz48Q=
github.com/bitwormhole/wpm-mix v0.0.15 h1:FsGsGpzLZhOy3JOQBBxPXXaxVXKox9Myv7GHxVglpmw=
github.com/bitwormhole/wpm-mix v0.0.15/go.mod h1:6jW4h7wF0gJcte0xPiiK7uPC8lBuw7R0Qea1CiC1jYc=
github.com/bitwormhole/wpm-mix v0.1.10 h1:/6HlEFzGhTSPJewkrvGpM/fbmfeU+HH7PlEAkK4StAo=
github.com/bitwormhole/wpm-mix v0.1.10/go.mod h1:v9lBxU6N6d7Moob7VhcgXIiBugPlodDsyMThB7d+2QU=
github.com/creack/pty v1.1.9/go.mod h1:oKZEueFk5CKHvIhNR5MUki03XCEU+Q6VDXinZuGJ33E=
github.com/davecgh/go-spew v1.1.0/go.mod h1:J7Y8YcW2NihsgmVo/mv3lAwl/skON4iLHjSsI+c5H38=
github.com/davecgh/go-spew v1.1.1/go.mod h1:J7Y8YcW2NihsgmVo/mv3lAwl/skON4iLHjSsI+c5H38=
github.com/dnaeon/go-vcr v1.1.0/go.mod h1:M7tiix8f0r6mKKJ3Yq/kqU1OYf3MnfmBWVbPx/yU9ko=
github.com/dnaeon/go-vcr v1.2.0/go.mod h1:R4UdLID7HZT3taECzJs4YgbbH6PIGXB6W/sc5OLb6RQ=
github.com/gin-contrib/sse v0.1.0 h1:Y/yl/+YNO8GZSjAhjMsSuLt29uWRFHdHYUb5lYOV9qE=
github.com/gin-contrib/sse v0.1.0/go.mod h1:RHrZQHXnP2xjPF+u1gW/2HnVO7nvIa9PG3Gm+fLHvGI=
github.com/gin-gonic/gin v1.7.7/go.mod h1:axIBovoeJpVj8S3BwE0uPMTeReE4+AfFtqpqaZ1qq1U=
github.com/gin-gonic/gin v1.8.2 h1:UzKToD9/PoFj/V4rvlKqTRKnQYyz8Sc1MJlv4JHPtvY=
github.com/gin-gonic/gin v1.8.2/go.mod h1:qw5AYuDrzRTnhvusDsrov+fDIxp9Dleuu12h8nfB398=
github.com/go-playground/assert/v2 v2.0.1/go.mod h1:VDjEfimB/XKnb+ZQfWdccd7VUvScMdVu0Titje2rxJ4=
github.com/go-playground/locales v0.13.0/go.mod h1:taPMhCMXrRLJO55olJkUXHZBHCxTMfnGwq/HNwmWNS8=
github.com/go-playground/locales v0.14.0 h1:u50s323jtVGugKlcYeyzC0etD1HifMjqmJqb8WugfUU=
github.com/go-playground/locales v0.14.0/go.mod h1:sawfccIbzZTqEDETgFXqTho0QybSa7l++s0DH+LDiLs=
github.com/go-playground/universal-translator v0.17.0/go.mod h1:UkSxE5sNxxRwHyU+Scu5vgOQjsIJAF8j9muTVoKLVtA=
github.com/go-playground/universal-translator v0.18.0 h1:82dyy6p4OuJq4/CByFNOn/jYrnRPArHwAcmLoJZxyho=
github.com/go-playground/universal-translator v0.18.0/go.mod h1:UvRDBj+xPUEGrFYl+lu/H90nyDXpg0fqeB/AQUGNTVA=
github.com/go-playground/validator/v10 v10.4.1/go.mod h1:nlOn6nFhuKACm19sB/8EGNn9GlaMV7XkbRSipzJ0Ii4=
github.com/go-playground/validator/v10 v10.11.1 h1:prmOlTVv+YjZjmRmNSF3VmspqJIxJWXmqUsHwfTRRkQ=
github.com/go-playground/validator/v10 v10.11.1/go.mod h1:i+3WkQ1FvaUjjxh1kSvIA4dMGDBiPU55YFDl0WbKdWU=
github.com/go-sql-driver/mysql v1.7.0 h1:ueSltNNllEqE3qcWBTD0iQd3IpL/6U+mJxLkazJ7YPc=
github.com/go-sql-driver/mysql v1.7.0/go.mod h1:OXbVy3sEdcQ2Doequ6Z5BW6fXNQTmx+9S1MCJN5yJMI=
github.com/goccy/go-json v0.9.11 h1:/pAaQDLHEoCq/5FFmSKBswWmK6H0e8g4159Kc/X/nqk=
github.com/goccy/go-json v0.9.11/go.mod h1:6MelG93GURQebXPDq3khkgXZkazVtN9CRI+MGFi0w8I=
github.com/golang-jwt/jwt v3.2.1+incompatible/go.mod h1:8pz2t5EyA70fFQQSrl6XZXzqecmYZeUEB8OUGHkxJ+I=
github.com/golang-jwt/jwt v3.2.2+incompatible/go.mod h1:8pz2t5EyA70fFQQSrl6XZXzqecmYZeUEB8OUGHkxJ+I=
github.com/golang-jwt/jwt/v4 v4.2.0/go.mod h1:/xlHOz8bRuivTWchD4jCa+NbatV+wEUSzwAxVc6locg=
github.com/golang-sql/civil v0.0.0-20190719163853-cb61b32ac6fe/go.mod h1:8vg3r2VgvsThLBIFL93Qb5yWzgyZWhEmBwUJWevAkK0=
github.com/golang-sql/civil v0.0.0-20220223132316-b832511892a9 h1:au07oEsX2xN0ktxqI+Sida1w446QrXBRJ0nee3SNZlA=
github.com/golang-sql/civil v0.0.0-20220223132316-b832511892a9/go.mod h1:8vg3r2VgvsThLBIFL93Qb5yWzgyZWhEmBwUJWevAkK0=
github.com/golang-sql/sqlexp v0.1.0 h1:ZCD6MBpcuOVfGVqsEmY5/4FtYiKz6tSyUv9LPEDei6A=
github.com/golang-sql/sqlexp v0.1.0/go.mod h1:J4ad9Vo8ZCWQ2GMrC4UCQy1JpCbwU9m3EOqtpKwwwHI=
github.com/golang/protobuf v1.3.3/go.mod h1:vzj43D7+SQXF/4pzW/hwtAqwc6iTitCiVSaWz5lYuqw=
github.com/golang/protobuf v1.5.0/go.mod h1:FsONVRAS9T7sI+LIUmWTfcYkHO4aIWwzhcaSAoJOfIk=
github.com/google/go-cmp v0.5.5/go.mod h1:v8dTdLbMG2kIc/vJvl+f65V22dbkXbowE6jgT/gNBxE=
github.com/google/gofuzz v1.0.0/go.mod h1:dBl0BpW6vV/+mYPU4Po3pmUjxk6FQPldtuIdl/M65Eg=
github.com/google/uuid v1.1.1/go.mod h1:TIyPZe4MgqvfeYDBFedMoGGpEw/LqOeaOT+nhxU+yHo=
github.com/google/uuid v1.3.0/go.mod h1:TIyPZe4MgqvfeYDBFedMoGGpEw/LqOeaOT+nhxU+yHo=
github.com/gorilla/securecookie v1.1.1/go.mod h1:ra0sb63/xPlUeL+yeDciTfxMRAA+MP+HVt/4epWDjd4=
github.com/gorilla/sessions v1.2.1/go.mod h1:dk2InVEVJ0sfLlnXv9EAgkf6ecYs/i80K/zI+bUmuGM=
github.com/hashicorp/go-uuid v1.0.2/go.mod h1:6SBZvOh/SIDV7/2o3Jml5SYk/TvGqwFJ/bN7x4byOro=
github.com/jcmturner/aescts/v2 v2.0.0/go.mod h1:AiaICIRyfYg35RUkr8yESTqvSy7csK90qZ5xfvvsoNs=
github.com/jcmturner/dnsutils/v2 v2.0.0/go.mod h1:b0TnjGOvI/n42bZa+hmXL+kFJZsFT7G4t3HTlQ184QM=
github.com/jcmturner/gofork v1.0.0/go.mod h1:MK8+TM0La+2rjBD4jE12Kj1pCCxK7d2LK/UM3ncEo0o=
github.com/jcmturner/goidentity/v6 v6.0.1/go.mod h1:X1YW3bgtvwAXju7V3LCIMpY0Gbxyjn/mY9zx4tFonSg=
github.com/jcmturner/gokrb5/v8 v8.4.2/go.mod h1:sb+Xq/fTY5yktf/VxLsE3wlfPqQjp0aWNYyvBVK62bc=
github.com/jcmturner/rpc/v2 v2.0.3/go.mod h1:VUJYCIDm3PVOEHw8sgt091/20OJjskO/YJki3ELg/Hc=
github.com/jinzhu/inflection v1.0.0 h1:K317FqzuhWc8YvSVlFMCCUb36O/S9MCKRDI7QkRKD/E=
github.com/jinzhu/inflection v1.0.0/go.mod h1:h+uFLlag+Qp1Va5pdKtLDYj+kHp5pxUVkryuEj+Srlc=
github.com/jinzhu/now v1.1.4/go.mod h1:d3SSVoowX0Lcu0IBviAWJpolVfI5UJVZZ7cO71lE/z8=
github.com/jinzhu/now v1.1.5 h1:/o9tlHleP7gOFmsnYNz3RGnqzefHA47wQpKrrdTIwXQ=
github.com/jinzhu/now v1.1.5/go.mod h1:d3SSVoowX0Lcu0IBviAWJpolVfI5UJVZZ7cO71lE/z8=
github.com/json-iterator/go v1.1.9/go.mod h1:KdQUCv79m/52Kvf8AW2vK1V8akMuk1QjK/uOdHXbAo4=
github.com/json-iterator/go v1.1.12 h1:PV8peI4a0ysnczrg+LtxykD8LfKY9ML6u2jnxaEnrnM=
github.com/json-iterator/go v1.1.12/go.mod h1:e30LSqwooZae/UwlEbR2852Gd8hjQvJoHmT4TnhNGBo=
github.com/kr/pretty v0.1.0/go.mod h1:dAy3ld7l9f0ibDNOQOHHMYYIIbhfbHSm3C4ZsoJORNo=
github.com/kr/pretty v0.2.1/go.mod h1:ipq/a2n7PKx3OHsz4KJII5eveXtPO4qwEXGdVfWzfnI=
github.com/kr/pretty v0.3.0/go.mod h1:640gp4NfQd8pI5XOwp5fnNeVWj67G7CFk/SaSQn7NBk=
github.com/kr/pty v1.1.1/go.mod h1:pFQYn66WHrOpPYNljwOMqo10TkYh1fy3cYio2l3bCsQ=
github.com/kr/text v0.1.0/go.mod h1:4Jbv+DJW3UT/LiOwJeYQe1efqtUx/iVham/4vfdArNI=
github.com/kr/text v0.2.0/go.mod h1:eLer722TekiGuMkidMxC/pM04lWEeraHUUmBw8l2grE=
github.com/kylelemons/godebug v1.1.0/go.mod h1:9/0rRGxNHcop5bhtWyNeEfOS8JIWk580+fNqagV/RAw=
github.com/leodido/go-urn v1.2.0/go.mod h1:+8+nEpDfqqsY+g338gtMEUOtuK+4dEMhiQEgxpxOKII=
github.com/leodido/go-urn v1.2.1 h1:BqpAaACuzVSgi/VLzGZIobT2z4v53pjosyNd9Yv6n/w=
github.com/leodido/go-urn v1.2.1/go.mod h1:zt4jvISO2HfUBqxjfIshjdMTYS56ZS/qv49ictyFfxY=
github.com/mattn/go-isatty v0.0.12/go.mod h1:cbi8OIDigv2wuxKPP5vlRcQ1OAZbq2CE4Kysco4FUpU=
github.com/mattn/go-isatty v0.0.16 h1:bq3VjFmv/sOjHtdEhmkEV4x1AJtvUvOJ2PFAZ5+peKQ=
github.com/mattn/go-isatty v0.0.16/go.mod h1:kYGgaQfpe5nmfYZH+SKPsOc2e4SrIfOl2e/yFXSvRLM=
github.com/mattn/go-sqlite3 v1.14.15 h1:vfoHhTN1af61xCRSWzFIWzx2YskyMTwHLrExkBOjvxI=
github.com/mattn/go-sqlite3 v1.14.15/go.mod h1:2eHXhiwb8IkHr+BDWZGa96P6+rkvnG63S2DGjv9HUNg=
github.com/microsoft/go-mssqldb v0.19.0 h1:LMRSgLcNMF8paPX14xlyQBmBH+jnFylPsYpVZf86eHM=
github.com/microsoft/go-mssqldb v0.19.0/go.mod h1:ukJCBnnzLzpVF0qYRT+eg1e+eSwjeQ7IvenUv8QPook=
github.com/modern-go/concurrent v0.0.0-20180228061459-e0a39a4cb421 h1:ZqeYNhU3OHLH3mGKHDcjJRFFRrJa6eAM5H+CtDdOsPc=
github.com/modern-go/concurrent v0.0.0-20180228061459-e0a39a4cb421/go.mod h1:6dJC0mAP4ikYIbvyc7fijjWJddQyLn8Ig3JB5CqoB9Q=
github.com/modern-go/reflect2 v0.0.0-20180701023420-4b7aa43c6742/go.mod h1:bx2lNnkwVCuqBIxFjflWJWanXIb3RllmbCylyMrvgv0=
github.com/modern-go/reflect2 v1.0.2 h1:xBagoLtFs94CBntxluKeaWgTMpvLxC4ur3nMaC9Gz0M=
github.com/modern-go/reflect2 v1.0.2/go.mod h1:yWuevngMOJpCy52FWWMvUC8ws7m/LJsjYzDa0/r8luk=
github.com/modocache/gover v0.0.0-20171022184752-b58185e213c5/go.mod h1:caMODM3PzxT8aQXRPkAt8xlV/e7d7w8GM5g0fa5F0D8=
github.com/montanaflynn/stats v0.6.6/go.mod h1:etXPPgVO6n31NxCd9KQUMvCM+ve0ruNzt6R8Bnaayow=
github.com/pelletier/go-toml/v2 v2.0.6 h1:nrzqCb7j9cDFj2coyLNLaZuJTLjWjlaz6nvTvIwycIU=
github.com/pelletier/go-toml/v2 v2.0.6/go.mod h1:eumQOmlWiOPt5WriQQqoM5y18pDHwha2N+QD+EUNTek=
github.com/pkg/browser v0.0.0-20210115035449-ce105d075bb4/go.mod h1:N6UoU20jOqggOuDwUaBQpluzLNDqif3kq9z2wpdYEfQ=
github.com/pkg/browser v0.0.0-20210911075715-681adbf594b8/go.mod h1:HKlIX3XHQyzLZPlr7++PzdhaXEj94dEiJgZDTsxEqUI=
github.com/pkg/diff v0.0.0-20210226163009-20ebb0f2a09e/go.mod h1:pJLUxLENpZxwdsKMEsNbx1VGcRFpLqf3715MtcvvzbA=
github.com/pmezard/go-difflib v1.0.0/go.mod h1:iKH77koFhYxTK1pcRnkKkqfTogsbg7gZNVY4sRDYZ/4=
github.com/rogpeppe/go-internal v1.6.1/go.mod h1:xXDCJY+GAPziupqXw64V24skbSoqbTEfhy4qGm1nDQc=
github.com/rogpeppe/go-internal v1.8.0/go.mod h1:WmiCO8CzOY8rg0OYDC4/i/2WRWAB6poM+XZ2dLUbcbE=
github.com/stretchr/objx v0.1.0/go.mod h1:HFkY916IF+rwdDfMAkV7OtwuqBVzrE8GR6GFx+wExME=
github.com/stretchr/objx v0.4.0/go.mod h1:YvHI0jy2hoMjB+UWwv71VJQ9isScKT/TqJzVSSt89Yw=
github.com/stretchr/objx v0.5.0/go.mod h1:Yh+to48EsGEfYuaHDzXPcE3xhTkx73EhmCGUpEOglKo=
github.com/stretchr/testify v1.3.0/go.mod h1:M5WIy9Dh21IEIfnGCwXGc5bZfKNJtfHm1UVUgZn+9EI=
github.com/stretchr/testify v1.4.0/go.mod h1:j7eGeouHqKxXV5pUuKE4zz7dFj8WfuZ+81PSLYec5m4=
github.com/stretchr/testify v1.6.1/go.mod h1:6Fq8oRcR53rry900zMqJjRRixrwX3KX962/h/Wwjteg=
github.com/stretchr/testify v1.7.0/go.mod h1:6Fq8oRcR53rry900zMqJjRRixrwX3KX962/h/Wwjteg=
github.com/stretchr/testify v1.7.1/go.mod h1:6Fq8oRcR53rry900zMqJjRRixrwX3KX962/h/Wwjteg=
github.com/stretchr/testify v1.8.0/go.mod h1:yNjHg4UonilssWZ8iaSj1OCr/vHnekPRkoO+kdMU+MU=
github.com/stretchr/testify v1.8.1/go.mod h1:w2LPCIKwWwSfY2zedu0+kehJoqGctiVI29o6fzry7u4=
github.com/ugorji/go v1.1.7/go.mod h1:kZn38zHttfInRq0xu/PH0az30d+z6vm202qpg1oXVMw=
github.com/ugorji/go v1.2.7/go.mod h1:nF9osbDWLy6bDVv/Rtoh6QgnvNDpmCalQV5urGCCS6M=
github.com/ugorji/go/codec v1.1.7/go.mod h1:Ax+UKWsSmolVDwsd+7N3ZtXu+yMGCf907BLYF3GoBXY=
github.com/ugorji/go/codec v1.2.7 h1:YPXUKf7fYbp/y8xloBqZOw2qaVggbfwMlI8WM3wZUJ0=
github.com/ugorji/go/codec v1.2.7/go.mod h1:WGN1fab3R1fzQlVQTkfxVtIBhWDRqOviHU95kRgeqEY=
golang.org/x/crypto v0.0.0-20190308221718-c2843e01d9a2/go.mod h1:djNgcEr1/C05ACkg1iLfiJU5Ep61QUkGW8qpdssI0+w=
golang.org/x/crypto v0.0.0-20200622213623-75b288015ac9/go.mod h1:LzIPMQfyMNhhGPhUkYOs5KpL4U8rLKemX1yGLhDgUto=
golang.org/x/crypto v0.0.0-20201112155050-0c6587e931a9/go.mod h1:LzIPMQfyMNhhGPhUkYOs5KpL4U8rLKemX1yGLhDgUto=
golang.org/x/crypto v0.0.0-20211215153901-e495a2d5b3d3/go.mod h1:IxCIyHEi3zRg3s0A5j5BB6A9Jmi73HwBIUl50j+osU4=
golang.org/x/crypto v0.0.0-20220511200225-c6db032c6c88/go.mod h1:IxCIyHEi3zRg3s0A5j5BB6A9Jmi73HwBIUl50j+osU4=
golang.org/x/crypto v0.0.0-20220622213112-05595931fe9d/go.mod h1:IxCIyHEi3zRg3s0A5j5BB6A9Jmi73HwBIUl50j+osU4=
golang.org/x/crypto v0.0.0-20221005025214-4161e89ecf1b h1:huxqepDufQpLLIRXiVkTvnxrzJlpwmIWAObmcCcUFr0=
golang.org/x/crypto v0.0.0-20221005025214-4161e89ecf1b/go.mod h1:IxCIyHEi3zRg3s0A5j5BB6A9Jmi73HwBIUl50j+osU4=
golang.org/x/net v0.0.0-20190404232315-eb5bcb51f2a3/go.mod h1:t9HGtf8HONx5eT2rtn7q6eTqICYqUVnKs3thJo3Qplg=
golang.org/x/net v0.0.0-20200114155413-6afb5195e5aa/go.mod h1:z5CRVTTTmAJ677TzLLGU+0bjPO0LkuOLi4/5GtJWs/s=
golang.org/x/net v0.0.0-20201010224723-4f7140c49acb/go.mod h1:sp8m0HH+o8qH0wwXwYZr8TS3Oi6o0r6Gce1SSxlDquU=
golang.org/x/net v0.0.0-20211112202133-69e39bad7dc2/go.mod h1:9nx3DQGgdP8bBQD5qxJ1jj9UTztislL4KSBs9R2vV5Y=
golang.org/x/net v0.0.0-20220425223048-2871e0cb64e4/go.mod h1:CfG3xpIq0wQ8r1q4Su4UZFWDARRcnwPjda9FqA0JpMk=
golang.org/x/net v0.4.0 h1:Q5QPcMlvfxFTAPV0+07Xz/MpK9NTXu2VDUuy0FeMfaU=
golang.org/x/net v0.4.0/go.mod h1:MBQ8lrhLObU/6UmLb4fmbmk5OcyYmqtbGd/9yIeKjEE=
golang.org/x/sys v0.0.0-20190215142949-d0b11bdaac8a/go.mod h1:STP8DvDyc/dI5b8T5hshtkjS+E42TnysNCUPdjciGhY=
golang.org/x/sys v0.0.0-20190412213103-97732733099d/go.mod h1:h1NjWce9XRLGQEsW7wpKNCjG9DtNlClVuFLEZdDNbEs=
golang.org/x/sys v0.0.0-20200116001909-b77594299b42/go.mod h1:h1NjWce9XRLGQEsW7wpKNCjG9DtNlClVuFLEZdDNbEs=
golang.org/x/sys v0.0.0-20200930185726-fdedc70b468f/go.mod h1:h1NjWce9XRLGQEsW7wpKNCjG9DtNlClVuFLEZdDNbEs=
golang.org/x/sys v0.0.0-20201119102817-f84b799fce68/go.mod h1:h1NjWce9XRLGQEsW7wpKNCjG9DtNlClVuFLEZdDNbEs=
golang.org/x/sys v0.0.0-20210124154548-22da62e12c0c/go.mod h1:h1NjWce9XRLGQEsW7wpKNCjG9DtNlClVuFLEZdDNbEs=
golang.org/x/sys v0.0.0-20210423082822-04245dca01da/go.mod h1:h1NjWce9XRLGQEsW7wpKNCjG9DtNlClVuFLEZdDNbEs=
golang.org/x/sys v0.0.0-20210615035016-665e8c7367d1/go.mod h1:oPkhp1MJrh7nUepCBck5+mAzfO9JrbApNNgaTdGDITg=
golang.org/x/sys v0.0.0-20210616045830-e2b7044e8c71/go.mod h1:oPkhp1MJrh7nUepCBck5+mAzfO9JrbApNNgaTdGDITg=
golang.org/x/sys v0.0.0-20210806184541-e5e7981a1069/go.mod h1:oPkhp1MJrh7nUepCBck5+mAzfO9JrbApNNgaTdGDITg=
golang.org/x/sys v0.0.0-20211216021012-1d35b9e2eb4e/go.mod h1:oPkhp1MJrh7nUepCBck5+mAzfO9JrbApNNgaTdGDITg=
golang.org/x/sys v0.0.0-20220224120231-95c6836cb0e7/go.mod h1:oPkhp1MJrh7nUepCBck5+mAzfO9JrbApNNgaTdGDITg=
golang.org/x/sys v0.0.0-20220811171246-fbc7d0a398ab/go.mod h1:oPkhp1MJrh7nUepCBck5+mAzfO9JrbApNNgaTdGDITg=
golang.org/x/sys v0.3.0 h1:w8ZOecv6NaNa/zC8944JTU3vz4u6Lagfk4RPQxv92NQ=
golang.org/x/sys v0.3.0/go.mod h1:oPkhp1MJrh7nUepCBck5+mAzfO9JrbApNNgaTdGDITg=
golang.org/x/term v0.0.0-20201126162022-7de9c90e9dd1/go.mod h1:bj7SfCRtBDWHUb9snDiAeCFNEtKQo2Wmx5Cou7ajbmo=
golang.org/x/term v0.0.0-20210927222741-03fcf44c2211/go.mod h1:jbD1KX2456YbFQfuXm/mYQcufACuNUgVhRMnK/tPxf8=
golang.org/x/text v0.3.0/go.mod h1:NqM8EUOU14njkJ3fqMW+pc6Ldnwhi/IjpwHt7yyuwOQ=
golang.org/x/text v0.3.2/go.mod h1:bEr9sfX3Q8Zfm5fL9x+3itogRgK3+ptLWKqgva+5dAk=
golang.org/x/text v0.3.3/go.mod h1:5Zoc/QRtKVWzQhOtBMvqHzDpF6irO9z98xDceosuGiQ=
golang.org/x/text v0.3.6/go.mod h1:5Zoc/QRtKVWzQhOtBMvqHzDpF6irO9z98xDceosuGiQ=
golang.org/x/text v0.3.7/go.mod h1:u+2+/6zg+i71rQMx5EYifcz6MCKuco9NR6JIITiCfzQ=
golang.org/x/text v0.5.0 h1:OLmvp0KP+FVG99Ct/qFiL/Fhk4zp4QQnZ7b2U+5piUM=
golang.org/x/text v0.5.0/go.mod h1:mrYo+phRRbMaCq/xk9113O4dZlRixOauAjOtrjsXDZ8=
golang.org/x/tools v0.0.0-20180917221912-90fa682c2a6e/go.mod h1:n7NCudcB/nEzxVGmLbDWY5pfWTLqBcC2KZ6jyYvM4mQ=
golang.org/x/xerrors v0.0.0-20191204190536-9bdfabe68543/go.mod h1:I/5z698sn9Ka8TeJc9MKroUUfqBBauWjQqLJ2OPfmY0=
google.golang.org/protobuf v1.26.0-rc.1/go.mod h1:jlhhOSvTdKEhbULTjvd4ARK9grFBp09yW+WbY/TyQbw=
google.golang.org/protobuf v1.28.1 h1:d0NfwRgPtno5B1Wa6L2DAG+KivqkdutMf1UhdNx175w=
google.golang.org/protobuf v1.28.1/go.mod h1:HV8QOd/L58Z+nl8r43ehVNZIU/HEI6OcFqwMG9pJV4I=
gopkg.in/check.v1 v0.0.0-20161208181325-20d25e280405/go.mod h1:Co6ibVJAznAaIkqp8huTwlJQCZ016jof/cbN4VW5Yz0=
gopkg.in/check.v1 v1.0.0-20180628173108-788fd7840127/go.mod h1:Co6ibVJAznAaIkqp8huTwlJQCZ016jof/cbN4VW5Yz0=
gopkg.in/check.v1 v1.0.0-20201130134442-10cb98267c6c/go.mod h1:JHkPIbrfpd72SG/EVd6muEfDQjcINNoR0C8j2r3qZ4Q=
gopkg.in/errgo.v2 v2.1.0/go.mod h1:hNsd1EY+bozCKY1Ytp96fpM3vjJbqLJn88ws8XvfDNI=
gopkg.in/natefinch/npipe.v2 v2.0.0-20160621034901-c1b8fa8bdcce/go.mod h1:5AcXVHNjg+BDxry382+8OKon8SEWiKktQR07RKPsv1c=
gopkg.in/yaml.v2 v2.2.1/go.mod h1:hI93XBmqTisBFMUTm0b8Fm+jr3Dg1NNxqwp+5A1VGuI=
gopkg.in/yaml.v2 v2.2.2/go.mod h1:hI93XBmqTisBFMUTm0b8Fm+jr3Dg1NNxqwp+5A1VGuI=
gopkg.in/yaml.v2 v2.2.8/go.mod h1:hI93XBmqTisBFMUTm0b8Fm+jr3Dg1NNxqwp+5A1VGuI=
gopkg.in/yaml.v2 v2.4.0 h1:D8xgwECY7CYvx+Y2n4sBz93Jn9JRvxdiyyo8CTfuKaY=
gopkg.in/yaml.v2 v2.4.0/go.mod h1:RDklbk79AGWmwhnvt/jBztapEOGDOx6ZbXqjP6csGnQ=
gopkg.in/yaml.v3 v3.0.0-20200313102051-9f266ea9e77c/go.mod h1:K4uyk7z7BCEPqu6E+C64Yfv1cQ7kz7rIZviUmN+EgEM=
gopkg.in/yaml.v3 v3.0.0-20210107192922-496545a6307b/go.mod h1:K4uyk7z7BCEPqu6E+C64Yfv1cQ7kz7rIZviUmN+EgEM=
gopkg.in/yaml.v3 v3.0.1/go.mod h1:K4uyk7z7BCEPqu6E+C64Yfv1cQ7kz7rIZviUmN+EgEM=
gorm.io/driver/mysql v1.4.5 h1:u1lytId4+o9dDaNcPCFzNv7h6wvmc92UjNk3z8enSBU=
gorm.io/driver/mysql v1.4.5/go.mod h1:SxzItlnT1cb6e1e4ZRpgJN2VYtcqJgqnHxWr4wsP8oc=
gorm.io/driver/sqlite v1.4.4 h1:gIufGoR0dQzjkyqDyYSCvsYR6fba1Gw5YKDqKeChxFc=
gorm.io/driver/sqlite v1.4.4/go.mod h1:0Aq3iPO+v9ZKbcdiz8gLWRw5VOPcBOPUQJFLq5e2ecI=
gorm.io/driver/sqlserver v1.4.2 h1:nMtEeKqv2R/vv9FoHUFWfXfP6SskAgRar0TPlZV1stk=
gorm.io/driver/sqlserver v1.4.2/go.mod h1:XHwBuB4Tlh7DqO0x7Ema8dmyWsQW7wi38VQOAFkrbXY=
gorm.io/gorm v1.23.8/go.mod h1:l2lP/RyAtc1ynaTjFksBde/O8v9oOGIApu2/xRitmZk=
gorm.io/gorm v1.24.0/go.mod h1:DVrVomtaYTbqs7gB/x2uVvqnXzv0nqjB396B8cG4dBA=
gorm.io/gorm v1.24.3 h1:WL2ifUmzR/SLp85CSURAfybcHnGZ+yLSGSxgYXlFBHg=
gorm.io/gorm v1.24.3/go.mod h1:DVrVomtaYTbqs7gB/x2uVvqnXzv0nqjB396B8cG4dBA=
